
Microsoft Visual Studio Solution File, Format Version 12.00
# Visual Studio 15
VisualStudioVersion = 15.0.28307.136
MinimumVisualStudioVersion = 10.0.40219.1
Project("{FAE04EC0-301F-11D3-BF4B-00C04F79EFBC}") = "UpdateFutureDates", "UpdateFutureDates\UpdateFutureDates.csproj", "{94945F1C-E9CC-42C9-9587-371CDDE17765}"
EndProject
Global
	GlobalSection(SolutionConfigurationPlatforms) = preSolution
		Debug|Any CPU = Debug|Any CPU
		Release|Any CPU = Release|Any CPU
	EndGlobalSection
	GlobalSection(ProjectConfigurationPlatforms) = postSolution
		{94945F1C-E9CC-42C9-9587-371CDDE17765}.Debug|Any CPU.ActiveCfg = Debug|Any CPU
		{94945F1C-E9CC-42C9-9587-371CDDE17765}.Debug|Any CPU.Build.0 = Debug|Any CPU
		{94945F1C-E9CC-42C9-9587-371CDDE17765}.Release|Any CPU.ActiveCfg = Release|Any CPU
		{94945F1C-E9CC-42C9-9587-371CDDE17765}.Release|Any CPU.Build.0 = Release|Any CPU
	EndGlobalSection
	GlobalSection(SolutionProperties) = preSolution
		HideSolutionNode = FALSE
	EndGlobalSection
	GlobalSection(ExtensibilityGlobals) = postSolution
		SolutionGuid = {2E8768D9-7FEA-4193-B62F-4BF3043326EA}
	EndGlobalSection
EndGlobal
